// !$*UTF8*$!
{
	archiveVersion = 1;
	classes = {
	};
	objectVersion = 46;
	objects = {

/* Begin PBXBuildFile section */
		6255492E1A21CB8900CE2A4E /* Foundation.framework in Frameworks */ = {isa = PBXBuildFile; fileRef = 6255492D1A21CB8900CE2A4E /* Foundation.framework */; };
		625549301A21CB8900CE2A4E /* CoreGraphics.framework in Frameworks */ = {isa = PBXBuildFile; fileRef = 6255492F1A21CB8900CE2A4E /* CoreGraphics.framework */; };
		625549321A21CB8900CE2A4E /* UIKit.framework in Frameworks */ = {isa = PBXBuildFile; fileRef = 625549311A21CB8900CE2A4E /* UIKit.framework */; };
		625549381A21CB8900CE2A4E /* InfoPlist.strings in Resources */ = {isa = PBXBuildFile; fileRef = 625549361A21CB8900CE2A4E /* InfoPlist.strings */; };
		6255493A1A21CB8900CE2A4E /* main.m in Sources */ = {isa = PBXBuildFile; fileRef = 625549391A21CB8900CE2A4E /* main.m */; };
		6255493E1A21CB8900CE2A4E /* CCAppDelegate.m in Sources */ = {isa = PBXBuildFile; fileRef = 6255493D1A21CB8900CE2A4E /* CCAppDelegate.m */; };
		625549411A21CB8900CE2A4E /* Main.storyboard in Resources */ = {isa = PBXBuildFile; fileRef = 6255493F1A21CB8900CE2A4E /* Main.storyboard */; };
		625549441A21CB8900CE2A4E /* CCViewController.m in Sources */ = {isa = PBXBuildFile; fileRef = 625549431A21CB8900CE2A4E /* CCViewController.m */; };
		625549461A21CB8900CE2A4E /* Images.xcassets in Resources */ = {isa = PBXBuildFile; fileRef = 625549451A21CB8900CE2A4E /* Images.xcassets */; };
		6255494D1A21CB8900CE2A4E /* XCTest.framework in Frameworks */ = {isa = PBXBuildFile; fileRef = 6255494C1A21CB8900CE2A4E /* XCTest.framework */; };
		6255494E1A21CB8900CE2A4E /* Foundation.framework in Frameworks */ = {isa = PBXBuildFile; fileRef = 6255492D1A21CB8900CE2A4E /* Foundation.framework */; };
		6255494F1A21CB8900CE2A4E /* UIKit.framework in Frameworks */ = {isa = PBXBuildFile; fileRef = 625549311A21CB8900CE2A4E /* UIKit.framework */; };
		625549571A21CB8900CE2A4E /* InfoPlist.strings in Resources */ = {isa = PBXBuildFile; fileRef = 625549551A21CB8900CE2A4E /* InfoPlist.strings */; };
		625549591A21CB8900CE2A4E /* UITable_View_Controller_Challenge_SolutionTests.m in Sources */ = {isa = PBXBuildFile; fileRef = 625549581A21CB8900CE2A4E /* UITable_View_Controller_Challenge_SolutionTests.m */; };
/* End PBXBuildFile section */

/* Begin PBXContainerItemProxy section */
		625549501A21CB8900CE2A4E /* PBXContainerItemProxy */ = {
			isa = PBXContainerItemProxy;
			containerPortal = 625549221A21CB8900CE2A4E /* Project object */;
			proxyType = 1;
			remoteGlobalIDString = 625549291A21CB8900CE2A4E;
			remoteInfo = "UITable View Controller Challenge Solution";
		};
/* End PBXContainerItemProxy section */

/* Begin PBXFileReference section */
		6255492A1A21CB8900CE2A4E /* UITable View Controller Challenge Solution.app */ = {isa = PBXFileReference; explicitFileType = wrapper.application; includeInIndex = 0; path = "UITable View Controller Challenge Solution.app"; sourceTree = BUILT_PRODUCTS_DIR; };
		6255492D1A21CB8900CE2A4E /* Foundation.framework */ = {isa = PBXFileReference; lastKnownFileType = wrapper.framework; name = Foundation.framework; path = System/Library/Frameworks/Foundation.framework; sourceTree = SDKROOT; };
		6255492F1A21CB8900CE2A4E /* CoreGraphics.framework */ = {isa = PBXFileReference; lastKnownFileType = wrapper.framework; name = CoreGraphics.framework; path = System/Library/Frameworks/CoreGraphics.framework; sourceTree = SDKROOT; };
		625549311A21CB8900CE2A4E /* UIKit.framework */ = {isa = PBXFileReference; lastKnownFileType = wrapper.framework; name = UIKit.framework; path = System/Library/Frameworks/UIKit.framework; sourceTree = SDKROOT; };
		625549351A21CB8900CE2A4E /* UITable View Controller Challenge Solution-Info.plist */ = {isa = PBXFileReference; lastKnownFileType = text.plist.xml; path = "UITable View Controller Challenge Solution-Info.plist"; sourceTree = "<group>"; };
		625549371A21CB8900CE2A4E /* en */ = {isa = PBXFileReference; lastKnownFileType = text.plist.strings; name = en; path = en.lproj/InfoPlist.strings; sourceTree = "<group>"; };
		625549391A21CB8900CE2A4E /* main.m */ = {isa = PBXFileReference; lastKnownFileType = sourcecode.c.objc; path = main.m; sourceTree = "<group>"; };
		6255493B1A21CB8900CE2A4E /* UITable View Controller Challenge Solution-Prefix.pch */ = {isa = PBXFileReference; lastKnownFileType = sourcecode.c.h; path = "UITable View Controller Challenge Solution-Prefix.pch"; sourceTree = "<group>"; };
		6255493C1A21CB8900CE2A4E /* CCAppDelegate.h */ = {isa = PBXFileReference; lastKnownFileType = sourcecode.c.h; path = CCAppDelegate.h; sourceTree = "<group>"; };
		6255493D1A21CB8900CE2A4E /* CCAppDelegate.m */ = {isa = PBXFileReference; lastKnownFileType = sourcecode.c.objc; path = CCAppDelegate.m; sourceTree = "<group>"; };
		625549401A21CB8900CE2A4E /* Base */ = {isa = PBXFileReference; lastKnownFileType = file.storyboard; name = Base; path = Base.lproj/Main.storyboard; sourceTree = "<group>"; };
		625549421A21CB8900CE2A4E /* CCViewController.h */ = {isa = PBXFileReference; lastKnownFileType = sourcecode.c.h; path = CCViewController.h; sourceTree = "<group>"; };
		625549431A21CB8900CE2A4E /* CCViewController.m */ = {isa = PBXFileReference; lastKnownFileType = sourcecode.c.objc; path = CCViewController.m; sourceTree = "<group>"; };
		625549451A21CB8900CE2A4E /* Images.xcassets */ = {isa = PBXFileReference; lastKnownFileType = folder.assetcatalog; path = Images.xcassets; sourceTree = "<group>"; };
		6255494B1A21CB8900CE2A4E /* UITable View Controller Challenge SolutionTests.xctest */ = {isa = PBXFileReference; explicitFileType = wrapper.cfbundle; includeInIndex = 0; path = "UITable View Controller Challenge SolutionTests.xctest"; sourceTree = BUILT_PRODUCTS_DIR; };
		6255494C1A21CB8900CE2A4E /* XCTest.framework */ = {isa = PBXFileReference; lastKnownFileType = wrapper.framework; name = XCTest.framework; path = Library/Frameworks/XCTest.framework; sourceTree = DEVELOPER_DIR; };
		625549541A21CB8900CE2A4E /* UITable View Controller Challenge SolutionTests-Info.plist */ = {isa = PBXFileReference; lastKnownFileType = text.plist.xml; path = "UITable View Controller Challenge SolutionTests-Info.plist"; sourceTree = "<group>"; };
		625549561A21CB8900CE2A4E /* en */ = {isa = PBXFileReference; lastKnownFileType = text.plist.strings; name = en; path = en.lproj/InfoPlist.strings; sourceTree = "<group>"; };
		625549581A21CB8900CE2A4E /* UITable_View_Controller_Challenge_SolutionTests.m */ = {isa = PBXFileReference; lastKnownFileType = sourcecode.c.objc; path = UITable_View_Controller_Challenge_SolutionTests.m; sourceTree = "<group>"; };
/* End PBXFileReference section */

/* Begin PBXFrameworksBuildPhase section */
		625549271A21CB8900CE2A4E /* Frameworks */ = {
			isa = PBXFrameworksBuildPhase;
			buildActionMask = 2147483647;
			files = (
				625549301A21CB8900CE2A4E /* CoreGraphics.framework in Frameworks */,
				625549321A21CB8900CE2A4E /* UIKit.framework in Frameworks */,
				6255492E1A21CB8900CE2A4E /* Foundation.framework in Frameworks */,
			);
			runOnlyForDeploymentPostprocessing = 0;
		};
		625549481A21CB8900CE2A4E /* Frameworks */ = {
			isa = PBXFrameworksBuildPhase;
			buildActionMask = 2147483647;
			files = (
				6255494D1A21CB8900CE2A4E /* XCTest.framework in Frameworks */,
				6255494F1A21CB8900CE2A4E /* UIKit.framework in Frameworks */,
				6255494E1A21CB8900CE2A4E /* Foundation.framework in Frameworks */,
			);
			runOnlyForDeploymentPostprocessing = 0;
		};
/* End PBXFrameworksBuildPhase section */

/* Begin PBXGroup section */
		625549211A21CB8900CE2A4E = {
			isa = PBXGroup;
			children = (
				625549331A21CB8900CE2A4E /* UITable View Controller Challenge Solution */,
				625549521A21CB8900CE2A4E /* UITable View Controller Challenge SolutionTests */,
				6255492C1A21CB8900CE2A4E /* Frameworks */,
				6255492B1A21CB8900CE2A4E /* Products */,
			);
			sourceTree = "<group>";
		};
		6255492B1A21CB8900CE2A4E /* Products */ = {
			isa = PBXGroup;
			children = (
				6255492A1A21CB8900CE2A4E /* UITable View Controller Challenge Solution.app */,
				6255494B1A21CB8900CE2A4E /* UITable View Controller Challenge SolutionTests.xctest */,
			);
			name = Products;
			sourceTree = "<group>";
		};
		6255492C1A21CB8900CE2A4E /* Frameworks */ = {
			isa = PBXGroup;
			children = (
				6255492D1A21CB8900CE2A4E /* Foundation.framework */,
				6255492F1A21CB8900CE2A4E /* CoreGraphics.framework */,
				625549311A21CB8900CE2A4E /* UIKit.framework */,
				6255494C1A21CB8900CE2A4E /* XCTest.framework */,
			);
			name = Frameworks;
			sourceTree = "<group>";
		};
		625549331A21CB8900CE2A4E /* UITable View Controller Challenge Solution */ = {
			isa = PBXGroup;
			children = (
				6255493C1A21CB8900CE2A4E /* CCAppDelegate.h */,
				6255493D1A21CB8900CE2A4E /* CCAppDelegate.m */,
				6255493F1A21CB8900CE2A4E /* Main.storyboard */,
				625549421A21CB8900CE2A4E /* CCViewController.h */,
				625549431A21CB8900CE2A4E /* CCViewController.m */,
				625549451A21CB8900CE2A4E /* Images.xcassets */,
				625549341A21CB8900CE2A4E /* Supporting Files */,
			);
			path = "UITable View Controller Challenge Solution";
			sourceTree = "<group>";
		};
		625549341A21CB8900CE2A4E /* Supporting Files */ = {
			isa = PBXGroup;
			children = (
				625549351A21CB8900CE2A4E /* UITable View Controller Challenge Solution-Info.plist */,
				625549361A21CB8900CE2A4E /* InfoPlist.strings */,
				625549391A21CB8900CE2A4E /* main.m */,
				6255493B1A21CB8900CE2A4E /* UITable View Controller Challenge Solution-Prefix.pch */,
			);
			name = "Supporting Files";
			sourceTree = "<group>";
		};
		625549521A21CB8900CE2A4E /* UITable View Controller Challenge SolutionTests */ = {
			isa = PBXGroup;
			children = (
				625549581A21CB8900CE2A4E /* UITable_View_Controller_Challenge_SolutionTests.m */,
				625549531A21CB8900CE2A4E /* Supporting Files */,
			);
			path = "UITable View Controller Challenge SolutionTests";
			sourceTree = "<group>";
		};
		625549531A21CB8900CE2A4E /* Supporting Files */ = {
			isa = PBXGroup;
			children = (
				625549541A21CB8900CE2A4E /* UITable View Controller Challenge SolutionTests-Info.plist */,
				625549551A21CB8900CE2A4E /* InfoPlist.strings */,
			);
			name = "Supporting Files";
			sourceTree = "<group>";
		};
/* End PBXGroup section */

/* Begin PBXNativeTarget section */
		625549291A21CB8900CE2A4E /* UITable View Controller Challenge Solution */ = {
			isa = PBXNativeTarget;
			buildConfigurationList = 6255495C1A21CB8900CE2A4E /* Build configuration list for PBXNativeTarget "UITable View Controller Challenge Solution" */;
			buildPhases = (
				625549261A21CB8900CE2A4E /* Sources */,
				625549271A21CB8900CE2A4E /* Frameworks */,
				625549281A21CB8900CE2A4E /* Resources */,
			);
			buildRules = (
			);
			dependencies = (
			);
			name = "UITable View Controller Challenge Solution";
			productName = "UITable View Controller Challenge Solution";
			productReference = 6255492A1A21CB8900CE2A4E /* UITable View Controller Challenge Solution.app */;
			productType = "com.apple.product-type.application";
		};
		6255494A1A21CB8900CE2A4E /* UITable View Controller Challenge SolutionTests */ = {
			isa = PBXNativeTarget;
			buildConfigurationList = 6255495F1A21CB8900CE2A4E /* Build configuration list for PBXNativeTarget "UITable View Controller Challenge SolutionTests" */;
			buildPhases = (
				625549471A21CB8900CE2A4E /* Sources */,
				625549481A21CB8900CE2A4E /* Frameworks */,
				625549491A21CB8900CE2A4E /* Resources */,
			);
			buildRules = (
			);
			dependencies = (
				625549511A21CB8900CE2A4E /* PBXTargetDependency */,
			);
			name = "UITable View Controller Challenge SolutionTests";
			productName = "UITable View Controller Challenge SolutionTests";
			productReference = 6255494B1A21CB8900CE2A4E /* UITable View Controller Challenge SolutionTests.xctest */;
			productType = "com.apple.product-type.bundle.unit-test";
		};
/* End PBXNativeTarget section */

/* Begin PBXProject section */
		625549221A21CB8900CE2A4E /* Project object */ = {
			isa = PBXProject;
			attributes = {
				CLASSPREFIX = CC;
				LastUpgradeCheck = 0510;
				ORGANIZATIONNAME = "Steven Herr";
				TargetAttributes = {
					6255494A1A21CB8900CE2A4E = {
						TestTargetID = 625549291A21CB8900CE2A4E;
					};
				};
			};
			buildConfigurationList = 625549251A21CB8900CE2A4E /* Build configuration list for PBXProject "UITable View Controller Challenge Solution" */;
			compatibilityVersion = "Xcode 3.2";
			developmentRegion = English;
			hasScannedForEncodings = 0;
			knownRegions = (
				en,
				Base,
			);
			mainGroup = 625549211A21CB8900CE2A4E;
			productRefGroup = 6255492B1A21CB8900CE2A4E /* Products */;
			projectDirPath = "";
			projectRoot = "";
			targets = (
				625549291A21CB8900CE2A4E /* UITable View Controller Challenge Solution */,
				6255494A1A21CB8900CE2A4E /* UITable View Controller Challenge SolutionTests */,
			);
		};
/* End PBXProject section */

/* Begin PBXResourcesBuildPhase section */
		625549281A21CB8900CE2A4E /* Resources */ = {
			isa = PBXResourcesBuildPhase;
			buildActionMask = 2147483647;
			files = (
				625549461A21CB8900CE2A4E /* Images.xcassets in Resources */,
				625549381A21CB8900CE2A4E /* InfoPlist.strings in Resources */,
				625549411A21CB8900CE2A4E /* Main.storyboard in Resources */,
			);
			runOnlyForDeploymentPostprocessing = 0;
		};
		625549491A21CB8900CE2A4E /* Resources */ = {
			isa = PBXResourcesBuildPhase;
			buildActionMask = 2147483647;
			files = (
				625549571A21CB8900CE2A4E /* InfoPlist.strings in Resources */,
			);
			runOnlyForDeploymentPostprocessing = 0;
		};
/* End PBXResourcesBuildPhase section */

/* Begin PBXSourcesBuildPhase section */
		625549261A21CB8900CE2A4E /* Sources */ = {
			isa = PBXSourcesBuildPhase;
			buildActionMask = 2147483647;
			files = (
				6255493E1A21CB8900CE2A4E /* CCAppDelegate.m in Sources */,
				6255493A1A21CB8900CE2A4E /* main.m in Sources */,
				625549441A21CB8900CE2A4E /* CCViewController.m in Sources */,
			);
			runOnlyForDeploymentPostprocessing = 0;
		};
		625549471A21CB8900CE2A4E /* Sources */ = {
			isa = PBXSourcesBuildPhase;
			buildActionMask = 2147483647;
			files = (
				625549591A21CB8900CE2A4E /* UITable_View_Controller_Challenge_SolutionTests.m in Sources */,
			);
			runOnlyForDeploymentPostprocessing = 0;
		};
/* End PBXSourcesBuildPhase section */

/* Begin PBXTargetDependency section */
		625549511A21CB8900CE2A4E /* PBXTargetDependency */ = {
			isa = PBXTargetDependency;
			target = 625549291A21CB8900CE2A4E /* UITable View Controller Challenge Solution */;
			targetProxy = 625549501A21CB8900CE2A4E /* PBXContainerItemProxy */;
		};
/* End PBXTargetDependency section */

/* Begin PBXVariantGroup section */
		625549361A21CB8900CE2A4E /* InfoPlist.strings */ = {
			isa = PBXVariantGroup;
			children = (
				625549371A21CB8900CE2A4E /* en */,
			);
			name = InfoPlist.strings;
			sourceTree = "<group>";
		};
		6255493F1A21CB8900CE2A4E /* Main.storyboard */ = {
			isa = PBXVariantGroup;
			children = (
				625549401A21CB8900CE2A4E /* Base */,
			);
			name = Main.storyboard;
			sourceTree = "<group>";
		};
		625549551A21CB8900CE2A4E /* InfoPlist.strings */ = {
			isa = PBXVariantGroup;
			children = (
				625549561A21CB8900CE2A4E /* en */,
			);
			name = InfoPlist.strings;
			sourceTree = "<group>";
		};
/* End PBXVariantGroup section */

/* Begin XCBuildConfiguration section */
		6255495A1A21CB8900CE2A4E /* Debug */ = {
			isa = XCBuildConfiguration;
			buildSettings = {
				ALWAYS_SEARCH_USER_PATHS = NO;
				CLANG_CXX_LANGUAGE_STANDARD = "gnu++0x";
				CLANG_CXX_LIBRARY = "libc++";
				CLANG_ENABLE_MODULES = YES;
				CLANG_ENABLE_OBJC_ARC = YES;
				CLANG_WARN_BOOL_CONVERSION = YES;
				CLANG_WARN_CONSTANT_CONVERSION = YES;
				CLANG_WARN_DIRECT_OBJC_ISA_USAGE = YES_ERROR;
				CLANG_WARN_EMPTY_BODY = YES;
				CLANG_WARN_ENUM_CONVERSION = YES;
				CLANG_WARN_INT_CONVERSION = YES;
				CLANG_WARN_OBJC_ROOT_CLASS = YES_ERROR;
				CLANG_WARN__DUPLICATE_METHOD_MATCH = YES;
				"CODE_SIGN_IDENTITY[sdk=iphoneos*]" = "iPhone Developer";
				COPY_PHASE_STRIP = NO;
				GCC_C_LANGUAGE_STANDARD = gnu99;
				GCC_DYNAMIC_NO_PIC = NO;
				GCC_OPTIMIZATION_LEVEL = 0;
				GCC_PREPROCESSOR_DEFINITIONS = (
					"DEBUG=1",
					"$(inherited)",
				);
				GCC_SYMBOLS_PRIVATE_EXTERN = NO;
				GCC_WARN_64_TO_32_BIT_CONVERSION = YES;
				GCC_WARN_ABOUT_RETURN_TYPE = YES_ERROR;
				GCC_WARN_UNDECLARED_SELECTOR = YES;
				GCC_WARN_UNINITIALIZED_AUTOS = YES_AGGRESSIVE;
				GCC_WARN_UNUSED_FUNCTION = YES;
				GCC_WARN_UNUSED_VARIABLE = YES;
				IPHONEOS_DEPLOYMENT_TARGET = 7.1;
				ONLY_ACTIVE_ARCH = YES;
				SDKROOT = iphoneos;
			};
			name = Debug;
		};
		6255495B1A21CB8900CE2A4E /* Release */ = {
			isa = XCBuildConfiguration;
			buildSettings = {
				ALWAYS_SEARCH_USER_PATHS = NO;
				CLANG_CXX_LANGUAGE_STANDARD = "gnu++0x";
				CLANG_CXX_LIBRARY = "libc++";
				CLANG_ENABLE_MODULES = YES;
				CLANG_ENABLE_OBJC_ARC = YES;
				CLANG_WARN_BOOL_CONVERSION = YES;
				CLANG_WARN_CONSTANT_CONVERSION = YES;
				CLANG_WARN_DIRECT_OBJC_ISA_USAGE = YES_ERROR;
				CLANG_WARN_EMPTY_BODY = YES;
				CLANG_WARN_ENUM_CONVERSION = YES;
				CLANG_WARN_INT_CONVERSION = YES;
				CLANG_WARN_OBJC_ROOT_CLASS = YES_ERROR;
				CLANG_WARN__DUPLICATE_METHOD_MATCH = YES;
				"CODE_SIGN_IDENTITY[sdk=iphoneos*]" = "iPhone Developer";
				COPY_PHASE_STRIP = YES;
				ENABLE_NS_ASSERTIONS = NO;
				GCC_C_LANGUAGE_STANDARD = gnu99;
				GCC_WARN_64_TO_32_BIT_CONVERSION = YES;
				GCC_WARN_ABOUT_RETURN_TYPE = YES_ERROR;
				GCC_WARN_UNDECLARED_SELECTOR = YES;
				GCC_WARN_UNINITIALIZED_AUTOS = YES_AGGRESSIVE;
				GCC_WARN_UNUSED_FUNCTION = YES;
				GCC_WARN_UNUSED_VARIABLE = YES;
				IPHONEOS_DEPLOYMENT_TARGET = 7.1;
				SDKROOT = iphoneos;
				VALIDATE_PRODUCT = YES;
			};
			name = Release;
		};
		6255495D1A21CB8900CE2A4E /* Debug */ = {
			isa = XCBuildConfiguration;
			buildSettings = {
				ASSETCATALOG_COMPILER_APPICON_NAME = AppIcon;
				ASSETCATALOG_COMPILER_LAUNCHIMAGE_NAME = LaunchImage;
				GCC_PRECOMPILE_PREFIX_HEADER = YES;
				GCC_PREFIX_HEADER = "UITable View Controller Challenge Solution/UITable View Controller Challenge Solution-Prefix.pch";
				INFOPLIST_FILE = "UITable View Controller Challenge Solution/UITable View Controller Challenge Solution-Info.plist";
				PRODUCT_NAME = "$(TARGET_NAME)";
				WRAPPER_EXTENSION = app;
			};
			name = Debug;
		};
		6255495E1A21CB8900CE2A4E /* Release */ = {
			isa = XCBuildConfiguration;
			buildSettings = {
				ASSETCATALOG_COMPILER_APPICON_NAME = AppIcon;
				ASSETCATALOG_COMPILER_LAUNCHIMAGE_NAME = LaunchImage;
				GCC_PRECOMPILE_PREFIX_HEADER = YES;
				GCC_PREFIX_HEADER = "UITable View Controller Challenge Solution/UITable View Controller Challenge Solution-Prefix.pch";
				INFOPLIST_FILE = "UITable View Controller Challenge Solution/UITable View Controller Challenge Solution-Info.plist";
				PRODUCT_NAME = "$(TARGET_NAME)";
				WRAPPER_EXTENSION = app;
			};
			name = Release;
		};
		625549601A21CB8900CE2A4E /* Debug */ = {
			isa = XCBuildConfiguration;
			buildSettings = {
				BUNDLE_LOADER = "$(BUILT_PRODUCTS_DIR)/UITable View Controller Challenge Solution.app/UITable View Controller Challenge Solution";
				FRAMEWORK_SEARCH_PATHS = (
					"$(SDKROOT)/Developer/Library/Frameworks",
					"$(inherited)",
					"$(DEVELOPER_FRAMEWORKS_DIR)",
				);
				GCC_PRECOMPILE_PREFIX_HEADER = YES;
				GCC_PREFIX_HEADER = "UITable View Controller Challenge Solution/UITable View Controller Challenge Solution-Prefix.pch";
				GCC_PREPROCESSOR_DEFINITIONS = (
					"DEBUG=1",
					"$(inherited)",
				);
				INFOPLIST_FILE = "UITable View Controller Challenge SolutionTests/UITable View Controller Challenge SolutionTests-Info.plist";
				PRODUCT_NAME = "$(TARGET_NAME)";
				TEST_HOST = "$(BUNDLE_LOADER)";
				WRAPPER_EXTENSION = xctest;
			};
			name = Debug;
		};
		625549611A21CB8900CE2A4E /* Release */ = {
			isa = XCBuildConfiguration;
			buildSettings = {
				BUNDLE_LOADER = "$(BUILT_PRODUCTS_DIR)/UITable View Controller Challenge Solution.app/UITable View Controller Challenge Solution";
				FRAMEWORK_SEARCH_PATHS = (
					"$(SDKROOT)/Developer/Library/Frameworks",
					"$(inherited)",
					"$(DEVELOPER_FRAMEWORKS_DIR)",
				);
				GCC_PRECOMPILE_PREFIX_HEADER = YES;
				GCC_PREFIX_HEADER = "UITable View Controller Challenge Solution/UITable View Controller Challenge Solution-Prefix.pch";
				INFOPLIST_FILE = "UITable View Controller Challenge SolutionTests/UITable View Controller Challenge SolutionTests-Info.plist";
				PRODUCT_NAME = "$(TARGET_NAME)";
				TEST_HOST = "$(BUNDLE_LOADER)";
				WRAPPER_EXTENSION = xctest;
			};
			name = Release;
		};
/* End XCBuildConfiguration section */

/* Begin XCConfigurationList section */
		625549251A21CB8900CE2A4E /* Build configuration list for PBXProject "UITable View Controller Challenge Solution" */ = {
			isa = XCConfigurationList;
			buildConfigurations = (
				6255495A1A21CB8900CE2A4E /* Debug */,
				6255495B1A21CB8900CE2A4E /* Release */,
			);
			defaultConfigurationIsVisible = 0;
			defaultConfigurationName = Release;
		};
		6255495C1A21CB8900CE2A4E /* Build configuration list for PBXNativeTarget "UITable View Controller Challenge Solution" */ = {
			isa = XCConfigurationList;
			buildConfigurations = (
				6255495D1A21CB8900CE2A4E /* Debug */,
				6255495E1A21CB8900CE2A4E /* Release */,
			);
			defaultConfigurationIsVisible = 0;
		};
		6255495F1A21CB8900CE2A4E /* Build configuration list for PBXNativeTarget "UITable View Controller Challenge SolutionTests" */ = {
			isa = XCConfigurationList;
			buildConfigurations = (
				625549601A21CB8900CE2A4E /* Debug */,
				625549611A21CB8900CE2A4E /* Release */,
			);
			defaultConfigurationIsVisible = 0;
		};
/* End XCConfigurationList section */
	};
	rootObject = 625549221A21CB8900CE2A4E /* Project object */;
}
